// !$*UTF8*$!
{
	archiveVersion = 1;
	classes = {
	};
	objectVersion = 53;
	objects = {

/* Begin PBXBuildFile section */
		3439AF2D2732AAB500621803 /* main.swift in Sources */ = {isa = PBXBuildFile; fileRef = 3439AF2C2732AAB500621803 /* main.swift */; };
		346D9B2327397D9900EF4387 /* SwiftImage in Frameworks */ = {isa = PBXBuildFile; productRef = 346D9B2227397D9900EF4387 /* SwiftImage */; };
		34DA8BAA27386E780063DCC9 /* Moderator in Frameworks */ = {isa = PBXBuildFile; productRef = 34DA8BA927386E780063DCC9 /* Moderator */; };
/* End PBXBuildFile section */

/* Begin PBXCopyFilesBuildPhase section */
		3439AF272732AAB500621803 /* CopyFiles */ = {
			isa = PBXCopyFilesBuildPhase;
			buildActionMask = 2147483647;
			dstPath = /usr/share/man/man1/;
			dstSubfolderSpec = 0;
			files = (
			);
			runOnlyForDeploymentPostprocessing = 1;
		};
/* End PBXCopyFilesBuildPhase section */

/* Begin PBXFileReference section */
		3439AF292732AAB500621803 /* wallhe */ = {isa = PBXFileReference; explicitFileType = "compiled.mach-o.executable"; includeInIndex = 0; path = wallhe; sourceTree = BUILT_PRODUCTS_DIR; };
		3439AF2C2732AAB500621803 /* main.swift */ = {isa = PBXFileReference; lastKnownFileType = sourcecode.swift; path = main.swift; sourceTree = "<group>"; };
		3439AF332732AAE700621803 /* wallhe.entitlements */ = {isa = PBXFileReference; lastKnownFileType = text.plist.entitlements; path = wallhe.entitlements; sourceTree = "<group>"; };
/* End PBXFileReference section */

/* Begin PBXFrameworksBuildPhase section */
		3439AF262732AAB500621803 /* Frameworks */ = {
			isa = PBXFrameworksBuildPhase;
			buildActionMask = 2147483647;
			files = (
				346D9B2327397D9900EF4387 /* SwiftImage in Frameworks */,
				34DA8BAA27386E780063DCC9 /* Moderator in Frameworks */,
			);
			runOnlyForDeploymentPostprocessing = 0;
		};
/* End PBXFrameworksBuildPhase section */

/* Begin PBXGroup section */
		3439AF202732AAB500621803 = {
			isa = PBXGroup;
			children = (
				3439AF2B2732AAB500621803 /* wallhe */,
				3439AF2A2732AAB500621803 /* Products */,
			);
			sourceTree = "<group>";
		};
		3439AF2A2732AAB500621803 /* Products */ = {
			isa = PBXGroup;
			children = (
				3439AF292732AAB500621803 /* wallhe */,
			);
			name = Products;
			sourceTree = "<group>";
		};
		3439AF2B2732AAB500621803 /* wallhe */ = {
			isa = PBXGroup;
			children = (
				3439AF332732AAE700621803 /* wallhe.entitlements */,
				3439AF2C2732AAB500621803 /* main.swift */,
			);
			path = wallhe;
			sourceTree = "<group>";
		};
/* End PBXGroup section */

/* Begin PBXNativeTarget section */
		3439AF282732AAB500621803 /* wallhe */ = {
			isa = PBXNativeTarget;
			buildConfigurationList = 3439AF302732AAB500621803 /* Build configuration list for PBXNativeTarget "wallhe" */;
			buildPhases = (
				3439AF252732AAB500621803 /* Sources */,
				3439AF262732AAB500621803 /* Frameworks */,
				3439AF272732AAB500621803 /* CopyFiles */,
			);
			buildRules = (
			);
			dependencies = (
			);
			name = wallhe;
			packageProductDependencies = (
				34DA8BA927386E780063DCC9 /* Moderator */,
				346D9B2227397D9900EF4387 /* SwiftImage */,
			);
			productName = wallhe;
			productReference = 3439AF292732AAB500621803 /* wallhe */;
			productType = "com.apple.product-type.tool";
		};
/* End PBXNativeTarget section */

/* Begin PBXProject section */
		3439AF212732AAB500621803 /* Project object */ = {
			isa = PBXProject;
			attributes = {
				BuildIndependentTargetsInParallel = 1;
				LastSwiftUpdateCheck = 1310;
				LastUpgradeCheck = 1310;
				TargetAttributes = {
					3439AF282732AAB500621803 = {
						CreatedOnToolsVersion = 13.1;
					};
				};
			};
			buildConfigurationList = 3439AF242732AAB500621803 /* Build configuration list for PBXProject "wallhe" */;
			compatibilityVersion = "Xcode 11.0";
			developmentRegion = en;
			hasScannedForEncodings = 0;
			knownRegions = (
				en,
				Base,
			);
			mainGroup = 3439AF202732AAB500621803;
			packageReferences = (
				34DA8BA827386E780063DCC9 /* XCRemoteSwiftPackageReference "Moderator" */,
				346D9B2127397D9900EF4387 /* XCRemoteSwiftPackageReference "swift-image" */,
			);
			productRefGroup = 3439AF2A2732AAB500621803 /* Products */;
			projectDirPath = "";
			projectRoot = "";
			targets = (
				3439AF282732AAB500621803 /* wallhe */,
			);
		};
/* End PBXProject section */

/* Begin PBXSourcesBuildPhase section */
		3439AF252732AAB500621803 /* Sources */ = {
			isa = PBXSourcesBuildPhase;
			buildActionMask = 2147483647;
			files = (
				3439AF2D2732AAB500621803 /* main.swift in Sources */,
			);
			runOnlyForDeploymentPostprocessing = 0;
		};
/* End PBXSourcesBuildPhase section */

/* Begin XCBuildConfiguration section */
		3439AF2E2732AAB500621803 /* Debug */ = {
			isa = XCBuildConfiguration;
			buildSettings = {
				ALWAYS_SEARCH_USER_PATHS = NO;
				CLANG_ANALYZER_NONNULL = YES;
				CLANG_ANALYZER_NUMBER_OBJECT_CONVERSION = YES_AGGRESSIVE;
				CLANG_CXX_LANGUAGE_STANDARD = "gnu++17";
				CLANG_CXX_LIBRARY = "libc++";
				CLANG_ENABLE_MODULES = YES;
				CLANG_ENABLE_OBJC_ARC = YES;
				CLANG_ENABLE_OBJC_WEAK = YES;
				CLANG_WARN_BLOCK_CAPTURE_AUTORELEASING = YES;
				CLANG_WARN_BOOL_CONVERSION = YES;
				CLANG_WARN_COMMA = YES;
				CLANG_WARN_CONSTANT_CONVERSION = YES;
				CLANG_WARN_DEPRECATED_OBJC_IMPLEMENTATIONS = YES;
				CLANG_WARN_DIRECT_OBJC_ISA_USAGE = YES_ERROR;
				CLANG_WARN_DOCUMENTATION_COMMENTS = YES;
				CLANG_WARN_EMPTY_BODY = YES;
				CLANG_WARN_ENUM_CONVERSION = YES;
				CLANG_WARN_INFINITE_RECURSION = YES;
				CLANG_WARN_INT_CONVERSION = YES;
				CLANG_WARN_NON_LITERAL_NULL_CONVERSION = YES;
				CLANG_WARN_OBJC_IMPLICIT_RETAIN_SELF = YES;
				CLANG_WARN_OBJC_LITERAL_CONVERSION = YES;
				CLANG_WARN_OBJC_ROOT_CLASS = YES_ERROR;
				CLANG_WARN_QUOTED_INCLUDE_IN_FRAMEWORK_HEADER = YES;
				CLANG_WARN_RANGE_LOOP_ANALYSIS = YES;
				CLANG_WARN_STRICT_PROTOTYPES = YES;
				CLANG_WARN_SUSPICIOUS_MOVE = YES;
				CLANG_WARN_UNGUARDED_AVAILABILITY = YES_AGGRESSIVE;
				CLANG_WARN_UNREACHABLE_CODE = YES;
				CLANG_WARN__DUPLICATE_METHOD_MATCH = YES;
				COPY_PHASE_STRIP = NO;
				DEBUG_INFORMATION_FORMAT = dwarf;
				ENABLE_STRICT_OBJC_MSGSEND = YES;
				ENABLE_TESTABILITY = YES;
				GCC_C_LANGUAGE_STANDARD = gnu11;
				GCC_DYNAMIC_NO_PIC = NO;
				GCC_NO_COMMON_BLOCKS = YES;
				GCC_OPTIMIZATION_LEVEL = 0;
				GCC_PREPROCESSOR_DEFINITIONS = (
					"DEBUG=1",
					"$(inherited)",
				);
				GCC_WARN_64_TO_32_BIT_CONVERSION = YES;
				GCC_WARN_ABOUT_RETURN_TYPE = YES_ERROR;
				GCC_WARN_UNDECLARED_SELECTOR = YES;
				GCC_WARN_UNINITIALIZED_AUTOS = YES_AGGRESSIVE;
				GCC_WARN_UNUSED_FUNCTION = YES;
				GCC_WARN_UNUSED_VARIABLE = YES;
				MACOSX_DEPLOYMENT_TARGET = 10.15;
				MTL_ENABLE_DEBUG_INFO = INCLUDE_SOURCE;
				MTL_FAST_MATH = YES;
				ONLY_ACTIVE_ARCH = YES;
				SDKROOT = macosx;
				SWIFT_ACTIVE_COMPILATION_CONDITIONS = DEBUG;
				SWIFT_OPTIMIZATION_LEVEL = "-Onone";
				SWIFT_VERSION = 5.0;
			};
			name = Debug;
		};
		3439AF2F2732AAB500621803 /* Release */ = {
			isa = XCBuildConfiguration;
			buildSettings = {
				ALWAYS_SEARCH_USER_PATHS = NO;
				CLANG_ANALYZER_NONNULL = YES;
				CLANG_ANALYZER_NUMBER_OBJECT_CONVERSION = YES_AGGRESSIVE;
				CLANG_CXX_LANGUAGE_STANDARD = "gnu++17";
				CLANG_CXX_LIBRARY = "libc++";
				CLANG_ENABLE_MODULES = YES;
				CLANG_ENABLE_OBJC_ARC = YES;
				CLANG_ENABLE_OBJC_WEAK = YES;
				CLANG_WARN_BLOCK_CAPTURE_AUTORELEASING = YES;
				CLANG_WARN_BOOL_CONVERSION = YES;
				CLANG_WARN_COMMA = YES;
				CLANG_WARN_CONSTANT_CONVERSION = YES;
				CLANG_WARN_DEPRECATED_OBJC_IMPLEMENTATIONS = YES;
				CLANG_WARN_DIRECT_OBJC_ISA_USAGE = YES_ERROR;
				CLANG_WARN_DOCUMENTATION_COMMENTS = YES;
				CLANG_WARN_EMPTY_BODY = YES;
				CLANG_WARN_ENUM_CONVERSION = YES;
				CLANG_WARN_INFINITE_RECURSION = YES;
				CLANG_WARN_INT_CONVERSION = YES;
				CLANG_WARN_NON_LITERAL_NULL_CONVERSION = YES;
				CLANG_WARN_OBJC_IMPLICIT_RETAIN_SELF = YES;
				CLANG_WARN_OBJC_LITERAL_CONVERSION = YES;
				CLANG_WARN_OBJC_ROOT_CLASS = YES_ERROR;
				CLANG_WARN_QUOTED_INCLUDE_IN_FRAMEWORK_HEADER = YES;
				CLANG_WARN_RANGE_LOOP_ANALYSIS = YES;
				CLANG_WARN_STRICT_PROTOTYPES = YES;
				CLANG_WARN_SUSPICIOUS_MOVE = YES;
				CLANG_WARN_UNGUARDED_AVAILABILITY = YES_AGGRESSIVE;
				CLANG_WARN_UNREACHABLE_CODE = YES;
				CLANG_WARN__DUPLICATE_METHOD_MATCH = YES;
				COPY_PHASE_STRIP = NO;
				DEBUG_INFORMATION_FORMAT = "dwarf-with-dsym";
				ENABLE_NS_ASSERTIONS = NO;
				ENABLE_STRICT_OBJC_MSGSEND = YES;
				GCC_C_LANGUAGE_STANDARD = gnu11;
				GCC_NO_COMMON_BLOCKS = YES;
				GCC_WARN_64_TO_32_BIT_CONVERSION = YES;
				GCC_WARN_ABOUT_RETURN_TYPE = YES_ERROR;
				GCC_WARN_UNDECLARED_SELECTOR = YES;
				GCC_WARN_UNINITIALIZED_AUTOS = YES_AGGRESSIVE;
				GCC_WARN_UNUSED_FUNCTION = YES;
				GCC_WARN_UNUSED_VARIABLE = YES;
				MACOSX_DEPLOYMENT_TARGET = 10.15;
				MTL_ENABLE_DEBUG_INFO = NO;
				MTL_FAST_MATH = YES;
				SDKROOT = macosx;
				SWIFT_COMPILATION_MODE = wholemodule;
				SWIFT_OPTIMIZATION_LEVEL = "-O";
				SWIFT_VERSION = 5.0;
			};
			name = Release;
		};
		3439AF312732AAB500621803 /* Debug */ = {
			isa = XCBuildConfiguration;
			buildSettings = {
				CODE_SIGN_ENTITLEMENTS = wallhe/wallhe.entitlements;
				CODE_SIGN_IDENTITY = "Apple Development";
				CODE_SIGN_STYLE = Automatic;
				DEVELOPMENT_TEAM = D2GFG34LMB;
				ENABLE_HARDENED_RUNTIME = YES;
				MACOSX_DEPLOYMENT_TARGET = 10.15;
				PRODUCT_NAME = "$(TARGET_NAME)";
				SWIFT_VERSION = 5.0;
			};
			name = Debug;
		};
		3439AF322732AAB500621803 /* Release */ = {
			isa = XCBuildConfiguration;
			buildSettings = {
				CODE_SIGN_ENTITLEMENTS = wallhe/wallhe.entitlements;
				CODE_SIGN_IDENTITY = "Apple Development";
				CODE_SIGN_STYLE = Automatic;
				DEVELOPMENT_TEAM = D2GFG34LMB;
				ENABLE_HARDENED_RUNTIME = YES;
				MACOSX_DEPLOYMENT_TARGET = 10.15;
				PRODUCT_NAME = "$(TARGET_NAME)";
				SWIFT_VERSION = 5.0;
			};
			name = Release;
		};
/* End XCBuildConfiguration section */

/* Begin XCConfigurationList section */
		3439AF242732AAB500621803 /* Build configuration list for PBXProject "wallhe" */ = {
			isa = XCConfigurationList;
			buildConfigurations = (
				3439AF2E2732AAB500621803 /* Debug */,
				3439AF2F2732AAB500621803 /* Release */,
			);
			defaultConfigurationIsVisible = 0;
			defaultConfigurationName = Release;
		};
		3439AF302732AAB500621803 /* Build configuration list for PBXNativeTarget "wallhe" */ = {
			isa = XCConfigurationList;
			buildConfigurations = (
				3439AF312732AAB500621803 /* Debug */,
				3439AF322732AAB500621803 /* Release */,
			);
			defaultConfigurationIsVisible = 0;
			defaultConfigurationName = Release;
		};
/* End XCConfigurationList section */

/* Begin XCRemoteSwiftPackageReference section */
		346D9B2127397D9900EF4387 /* XCRemoteSwiftPackageReference "swift-image" */ = {
			isa = XCRemoteSwiftPackageReference;
			repositoryURL = "https://github.com/koher/swift-image.git";
			requirement = {
				kind = upToNextMajorVersion;
				minimumVersion = 0.7.1;
			};
		};
		34DA8BA827386E780063DCC9 /* XCRemoteSwiftPackageReference "Moderator" */ = {
			isa = XCRemoteSwiftPackageReference;
			repositoryURL = "https://github.com/kareman/Moderator";
			requirement = {
				kind = upToNextMajorVersion;
				minimumVersion = 0.2.0;
			};
		};
/* End XCRemoteSwiftPackageReference section */

/* Begin XCSwiftPackageProductDependency section */
		346D9B2227397D9900EF4387 /* SwiftImage */ = {
			isa = XCSwiftPackageProductDependency;
			package = 346D9B2127397D9900EF4387 /* XCRemoteSwiftPackageReference "swift-image" */;
			productName = SwiftImage;
		};
		34DA8BA927386E780063DCC9 /* Moderator */ = {
			isa = XCSwiftPackageProductDependency;
			package = 34DA8BA827386E780063DCC9 /* XCRemoteSwiftPackageReference "Moderator" */;
			productName = Moderator;
		};
/* End XCSwiftPackageProductDependency section */
	};
	rootObject = 3439AF212732AAB500621803 /* Project object */;
}
